// !$*UTF8*$!
{
	archiveVersion = 1;
	classes = {
	};
	objectVersion = 56;
	objects = {

/* Begin PBXBuildFile section */
		D12751272A2439D2004920FB /* UploadExerciseView.swift in Sources */ = {isa = PBXBuildFile; fileRef = D12751262A2439D2004920FB /* UploadExerciseView.swift */; };
		D140A4EF2A2E9FF50044D94E /* VideoPlayer.swift in Sources */ = {isa = PBXBuildFile; fileRef = D140A4EE2A2E9FF50044D94E /* VideoPlayer.swift */; };
		D140A4F12A2EA0850044D94E /* ExerciseFunctions.swift in Sources */ = {isa = PBXBuildFile; fileRef = D140A4F02A2EA0850044D94E /* ExerciseFunctions.swift */; };
		D154F3C52A28B83B002600CD /* Resilience-Pro-Info.plist in Resources */ = {isa = PBXBuildFile; fileRef = D154F3C42A28B83B002600CD /* Resilience-Pro-Info.plist */; };
		D1BD96A52A2074AB0089D952 /* Resilience_ProApp.swift in Sources */ = {isa = PBXBuildFile; fileRef = D1BD96A42A2074AB0089D952 /* Resilience_ProApp.swift */; };
		D1BD96A72A2074AB0089D952 /* UserProfileClass.swift in Sources */ = {isa = PBXBuildFile; fileRef = D1BD96A62A2074AB0089D952 /* UserProfileClass.swift */; };
		D1BD96A92A2074AC0089D952 /* Assets.xcassets in Resources */ = {isa = PBXBuildFile; fileRef = D1BD96A82A2074AC0089D952 /* Assets.xcassets */; };
		D1BD96AC2A2074AC0089D952 /* Preview Assets.xcassets in Resources */ = {isa = PBXBuildFile; fileRef = D1BD96AB2A2074AC0089D952 /* Preview Assets.xcassets */; };
		D1BD96B42A2075C20089D952 /* CloudKitUtility.swift in Sources */ = {isa = PBXBuildFile; fileRef = D1BD96B32A2075C20089D952 /* CloudKitUtility.swift */; };
		D1BD96B62A20FD970089D952 /* MainTabView.swift in Sources */ = {isa = PBXBuildFile; fileRef = D1BD96B52A20FD970089D952 /* MainTabView.swift */; };
		D1BD96B82A20FDE50089D952 /* ProgramsView.swift in Sources */ = {isa = PBXBuildFile; fileRef = D1BD96B72A20FDE40089D952 /* ProgramsView.swift */; };
		D1BD96BA2A210ED20089D952 /* UserProfileView.swift in Sources */ = {isa = PBXBuildFile; fileRef = D1BD96B92A210ED20089D952 /* UserProfileView.swift */; };
		D1BD96BC2A2115560089D952 /* ProgramsClass.swift in Sources */ = {isa = PBXBuildFile; fileRef = D1BD96BB2A2115560089D952 /* ProgramsClass.swift */; };
		D1BD96BE2A212A420089D952 /* ProgramCard.swift in Sources */ = {isa = PBXBuildFile; fileRef = D1BD96BD2A212A420089D952 /* ProgramCard.swift */; };
		D1BD96C02A213DBE0089D952 /* ProgramView.swift in Sources */ = {isa = PBXBuildFile; fileRef = D1BD96BF2A213DBD0089D952 /* ProgramView.swift */; };
		D1BD96C22A2143900089D952 /* WeeksClass.swift in Sources */ = {isa = PBXBuildFile; fileRef = D1BD96C12A2143900089D952 /* WeeksClass.swift */; };
		D1BD96C42A214AA90089D952 /* WeekView.swift in Sources */ = {isa = PBXBuildFile; fileRef = D1BD96C32A214AA90089D952 /* WeekView.swift */; };
		D1BD96C62A214D320089D952 /* WorkoutsClass.swift in Sources */ = {isa = PBXBuildFile; fileRef = D1BD96C52A214D320089D952 /* WorkoutsClass.swift */; };
		D1BD96C82A2150B60089D952 /* WorkoutCard.swift in Sources */ = {isa = PBXBuildFile; fileRef = D1BD96C72A2150B60089D952 /* WorkoutCard.swift */; };
		D1BD96CA2A2152920089D952 /* BlocksClass.swift in Sources */ = {isa = PBXBuildFile; fileRef = D1BD96C92A2152910089D952 /* BlocksClass.swift */; };
		D1BD96CC2A2152E40089D952 /* WorkoutView.swift in Sources */ = {isa = PBXBuildFile; fileRef = D1BD96CB2A2152E40089D952 /* WorkoutView.swift */; };
		D1BD96CE2A215C370089D952 /* BlockView.swift in Sources */ = {isa = PBXBuildFile; fileRef = D1BD96CD2A215C370089D952 /* BlockView.swift */; };
		D1BF4E9A2A21B3CC00FDA918 /* ExerciseCard.swift in Sources */ = {isa = PBXBuildFile; fileRef = D1BF4E992A21B3CC00FDA918 /* ExerciseCard.swift */; };
		D1BF4E9C2A21B58800FDA918 /* ExerciseClass.swift in Sources */ = {isa = PBXBuildFile; fileRef = D1BF4E9B2A21B58800FDA918 /* ExerciseClass.swift */; };
		D1C04F682A22E18300768B50 /* Launch Screen.storyboard in Resources */ = {isa = PBXBuildFile; fileRef = D1C04F672A22E18300768B50 /* Launch Screen.storyboard */; };
		D1C848A52A227DAC000BDC6C /* ExerciseView.swift in Sources */ = {isa = PBXBuildFile; fileRef = D1C848A42A227DAC000BDC6C /* ExerciseView.swift */; };
/* End PBXBuildFile section */

/* Begin PBXFileReference section */
		D12751262A2439D2004920FB /* UploadExerciseView.swift */ = {isa = PBXFileReference; lastKnownFileType = sourcecode.swift; path = UploadExerciseView.swift; sourceTree = "<group>"; };
		D140A4EE2A2E9FF50044D94E /* VideoPlayer.swift */ = {isa = PBXFileReference; lastKnownFileType = sourcecode.swift; path = VideoPlayer.swift; sourceTree = "<group>"; };
		D140A4F02A2EA0850044D94E /* ExerciseFunctions.swift */ = {isa = PBXFileReference; lastKnownFileType = sourcecode.swift; path = ExerciseFunctions.swift; sourceTree = "<group>"; };
		D154F3C42A28B83B002600CD /* Resilience-Pro-Info.plist */ = {isa = PBXFileReference; fileEncoding = 4; lastKnownFileType = text.plist.xml; path = "Resilience-Pro-Info.plist"; sourceTree = "<group>"; };
		D1BD96A12A2074AB0089D952 /* Resilience Pro.app */ = {isa = PBXFileReference; explicitFileType = wrapper.application; includeInIndex = 0; path = "Resilience Pro.app"; sourceTree = BUILT_PRODUCTS_DIR; };
		D1BD96A42A2074AB0089D952 /* Resilience_ProApp.swift */ = {isa = PBXFileReference; lastKnownFileType = sourcecode.swift; path = Resilience_ProApp.swift; sourceTree = "<group>"; };
		D1BD96A62A2074AB0089D952 /* UserProfileClass.swift */ = {isa = PBXFileReference; lastKnownFileType = sourcecode.swift; path = UserProfileClass.swift; sourceTree = "<group>"; };
		D1BD96A82A2074AC0089D952 /* Assets.xcassets */ = {isa = PBXFileReference; lastKnownFileType = folder.assetcatalog; path = Assets.xcassets; sourceTree = "<group>"; };
		D1BD96AB2A2074AC0089D952 /* Preview Assets.xcassets */ = {isa = PBXFileReference; lastKnownFileType = folder.assetcatalog; path = "Preview Assets.xcassets"; sourceTree = "<group>"; };
		D1BD96B22A2074BE0089D952 /* Resilience Pro.entitlements */ = {isa = PBXFileReference; lastKnownFileType = text.plist.entitlements; path = "Resilience Pro.entitlements"; sourceTree = "<group>"; };
		D1BD96B32A2075C20089D952 /* CloudKitUtility.swift */ = {isa = PBXFileReference; lastKnownFileType = sourcecode.swift; path = CloudKitUtility.swift; sourceTree = "<group>"; };
		D1BD96B52A20FD970089D952 /* MainTabView.swift */ = {isa = PBXFileReference; lastKnownFileType = sourcecode.swift; path = MainTabView.swift; sourceTree = "<group>"; };
		D1BD96B72A20FDE40089D952 /* ProgramsView.swift */ = {isa = PBXFileReference; lastKnownFileType = sourcecode.swift; path = ProgramsView.swift; sourceTree = "<group>"; };
		D1BD96B92A210ED20089D952 /* UserProfileView.swift */ = {isa = PBXFileReference; lastKnownFileType = sourcecode.swift; path = UserProfileView.swift; sourceTree = "<group>"; };
		D1BD96BB2A2115560089D952 /* ProgramsClass.swift */ = {isa = PBXFileReference; lastKnownFileType = sourcecode.swift; path = ProgramsClass.swift; sourceTree = "<group>"; };
		D1BD96BD2A212A420089D952 /* ProgramCard.swift */ = {isa = PBXFileReference; lastKnownFileType = sourcecode.swift; path = ProgramCard.swift; sourceTree = "<group>"; };
		D1BD96BF2A213DBD0089D952 /* ProgramView.swift */ = {isa = PBXFileReference; lastKnownFileType = sourcecode.swift; path = ProgramView.swift; sourceTree = "<group>"; };
		D1BD96C12A2143900089D952 /* WeeksClass.swift */ = {isa = PBXFileReference; lastKnownFileType = sourcecode.swift; path = WeeksClass.swift; sourceTree = "<group>"; };
		D1BD96C32A214AA90089D952 /* WeekView.swift */ = {isa = PBXFileReference; lastKnownFileType = sourcecode.swift; path = WeekView.swift; sourceTree = "<group>"; };
		D1BD96C52A214D320089D952 /* WorkoutsClass.swift */ = {isa = PBXFileReference; lastKnownFileType = sourcecode.swift; path = WorkoutsClass.swift; sourceTree = "<group>"; };
		D1BD96C72A2150B60089D952 /* WorkoutCard.swift */ = {isa = PBXFileReference; lastKnownFileType = sourcecode.swift; path = WorkoutCard.swift; sourceTree = "<group>"; };
		D1BD96C92A2152910089D952 /* BlocksClass.swift */ = {isa = PBXFileReference; lastKnownFileType = sourcecode.swift; path = BlocksClass.swift; sourceTree = "<group>"; };
		D1BD96CB2A2152E40089D952 /* WorkoutView.swift */ = {isa = PBXFileReference; lastKnownFileType = sourcecode.swift; path = WorkoutView.swift; sourceTree = "<group>"; };
		D1BD96CD2A215C370089D952 /* BlockView.swift */ = {isa = PBXFileReference; lastKnownFileType = sourcecode.swift; path = BlockView.swift; sourceTree = "<group>"; };
		D1BF4E992A21B3CC00FDA918 /* ExerciseCard.swift */ = {isa = PBXFileReference; lastKnownFileType = sourcecode.swift; path = ExerciseCard.swift; sourceTree = "<group>"; };
		D1BF4E9B2A21B58800FDA918 /* ExerciseClass.swift */ = {isa = PBXFileReference; lastKnownFileType = sourcecode.swift; path = ExerciseClass.swift; sourceTree = "<group>"; };
		D1C04F672A22E18300768B50 /* Launch Screen.storyboard */ = {isa = PBXFileReference; fileEncoding = 4; lastKnownFileType = file.storyboard; path = "Launch Screen.storyboard"; sourceTree = "<group>"; };
		D1C848A42A227DAC000BDC6C /* ExerciseView.swift */ = {isa = PBXFileReference; lastKnownFileType = sourcecode.swift; path = ExerciseView.swift; sourceTree = "<group>"; };
/* End PBXFileReference section */

/* Begin PBXFrameworksBuildPhase section */
		D1BD969E2A2074AB0089D952 /* Frameworks */ = {
			isa = PBXFrameworksBuildPhase;
			buildActionMask = 2147483647;
			files = (
			);
			runOnlyForDeploymentPostprocessing = 0;
		};
/* End PBXFrameworksBuildPhase section */

/* Begin PBXGroup section */
		D1BD96982A2074AB0089D952 = {
			isa = PBXGroup;
			children = (
				D1BD96A32A2074AB0089D952 /* Resilience Pro */,
				D1BD96A22A2074AB0089D952 /* Products */,
			);
			sourceTree = "<group>";
		};
		D1BD96A22A2074AB0089D952 /* Products */ = {
			isa = PBXGroup;
			children = (
				D1BD96A12A2074AB0089D952 /* Resilience Pro.app */,
			);
			name = Products;
			sourceTree = "<group>";
		};
		D1BD96A32A2074AB0089D952 /* Resilience Pro */ = {
			isa = PBXGroup;
			children = (
				D154F3C42A28B83B002600CD /* Resilience-Pro-Info.plist */,
				D1BD96B22A2074BE0089D952 /* Resilience Pro.entitlements */,
				D1BD96A42A2074AB0089D952 /* Resilience_ProApp.swift */,
				D1BD96B32A2075C20089D952 /* CloudKitUtility.swift */,
				D1BD96B52A20FD970089D952 /* MainTabView.swift */,
				D1BD96BB2A2115560089D952 /* ProgramsClass.swift */,
				D1BD96B72A20FDE40089D952 /* ProgramsView.swift */,
				D1BD96BF2A213DBD0089D952 /* ProgramView.swift */,
				D1BD96BD2A212A420089D952 /* ProgramCard.swift */,
				D1BD96C12A2143900089D952 /* WeeksClass.swift */,
				D1BD96C32A214AA90089D952 /* WeekView.swift */,
				D1BD96C52A214D320089D952 /* WorkoutsClass.swift */,
				D1BD96C72A2150B60089D952 /* WorkoutCard.swift */,
				D1BD96CB2A2152E40089D952 /* WorkoutView.swift */,
				D1BD96C92A2152910089D952 /* BlocksClass.swift */,
				D1BD96CD2A215C370089D952 /* BlockView.swift */,
				D1BF4E9B2A21B58800FDA918 /* ExerciseClass.swift */,
				D1BF4E992A21B3CC00FDA918 /* ExerciseCard.swift */,
				D1C848A42A227DAC000BDC6C /* ExerciseView.swift */,
				D140A4F02A2EA0850044D94E /* ExerciseFunctions.swift */,
				D1BD96B92A210ED20089D952 /* UserProfileView.swift */,
				D1BD96A62A2074AB0089D952 /* UserProfileClass.swift */,
				D12751262A2439D2004920FB /* UploadExerciseView.swift */,
				D140A4EE2A2E9FF50044D94E /* VideoPlayer.swift */,
				D1C04F672A22E18300768B50 /* Launch Screen.storyboard */,
				D1BD96A82A2074AC0089D952 /* Assets.xcassets */,
				D1BD96AA2A2074AC0089D952 /* Preview Content */,
			);
			path = "Resilience Pro";
			sourceTree = "<group>";
		};
		D1BD96AA2A2074AC0089D952 /* Preview Content */ = {
			isa = PBXGroup;
			children = (
				D1BD96AB2A2074AC0089D952 /* Preview Assets.xcassets */,
			);
			path = "Preview Content";
			sourceTree = "<group>";
		};
/* End PBXGroup section */

/* Begin PBXNativeTarget section */
		D1BD96A02A2074AB0089D952 /* Resilience Pro */ = {
			isa = PBXNativeTarget;
			buildConfigurationList = D1BD96AF2A2074AC0089D952 /* Build configuration list for PBXNativeTarget "Resilience Pro" */;
			buildPhases = (
				D1BD969D2A2074AB0089D952 /* Sources */,
				D1BD969E2A2074AB0089D952 /* Frameworks */,
				D1BD969F2A2074AB0089D952 /* Resources */,
			);
			buildRules = (
			);
			dependencies = (
			);
			name = "Resilience Pro";
			productName = "Resilience Pro";
			productReference = D1BD96A12A2074AB0089D952 /* Resilience Pro.app */;
			productType = "com.apple.product-type.application";
		};
/* End PBXNativeTarget section */

/* Begin PBXProject section */
		D1BD96992A2074AB0089D952 /* Project object */ = {
			isa = PBXProject;
			attributes = {
				BuildIndependentTargetsInParallel = 1;
				LastSwiftUpdateCheck = 1430;
				LastUpgradeCheck = 1430;
				TargetAttributes = {
					D1BD96A02A2074AB0089D952 = {
						CreatedOnToolsVersion = 14.3;
					};
				};
			};
			buildConfigurationList = D1BD969C2A2074AB0089D952 /* Build configuration list for PBXProject "Resilience Pro" */;
			compatibilityVersion = "Xcode 14.0";
			developmentRegion = en;
			hasScannedForEncodings = 0;
			knownRegions = (
				en,
				Base,
			);
			mainGroup = D1BD96982A2074AB0089D952;
			productRefGroup = D1BD96A22A2074AB0089D952 /* Products */;
			projectDirPath = "";
			projectRoot = "";
			targets = (
				D1BD96A02A2074AB0089D952 /* Resilience Pro */,
			);
		};
/* End PBXProject section */

/* Begin PBXResourcesBuildPhase section */
		D1BD969F2A2074AB0089D952 /* Resources */ = {
			isa = PBXResourcesBuildPhase;
			buildActionMask = 2147483647;
			files = (
				D1C04F682A22E18300768B50 /* Launch Screen.storyboard in Resources */,
				D154F3C52A28B83B002600CD /* Resilience-Pro-Info.plist in Resources */,
				D1BD96AC2A2074AC0089D952 /* Preview Assets.xcassets in Resources */,
				D1BD96A92A2074AC0089D952 /* Assets.xcassets in Resources */,
			);
			runOnlyForDeploymentPostprocessing = 0;
		};
/* End PBXResourcesBuildPhase section */

/* Begin PBXSourcesBuildPhase section */
		D1BD969D2A2074AB0089D952 /* Sources */ = {
			isa = PBXSourcesBuildPhase;
			buildActionMask = 2147483647;
			files = (
				D1C848A52A227DAC000BDC6C /* ExerciseView.swift in Sources */,
				D140A4F12A2EA0850044D94E /* ExerciseFunctions.swift in Sources */,
				D1BD96CE2A215C370089D952 /* BlockView.swift in Sources */,
				D1BD96CA2A2152920089D952 /* BlocksClass.swift in Sources */,
				D12751272A2439D2004920FB /* UploadExerciseView.swift in Sources */,
				D1BD96BC2A2115560089D952 /* ProgramsClass.swift in Sources */,
				D1BD96B82A20FDE50089D952 /* ProgramsView.swift in Sources */,
				D1BF4E9A2A21B3CC00FDA918 /* ExerciseCard.swift in Sources */,
				D1BD96C82A2150B60089D952 /* WorkoutCard.swift in Sources */,
				D1BD96CC2A2152E40089D952 /* WorkoutView.swift in Sources */,
				D1BD96C22A2143900089D952 /* WeeksClass.swift in Sources */,
				D1BF4E9C2A21B58800FDA918 /* ExerciseClass.swift in Sources */,
				D1BD96B62A20FD970089D952 /* MainTabView.swift in Sources */,
				D1BD96A72A2074AB0089D952 /* UserProfileClass.swift in Sources */,
				D1BD96B42A2075C20089D952 /* CloudKitUtility.swift in Sources */,
				D140A4EF2A2E9FF50044D94E /* VideoPlayer.swift in Sources */,
				D1BD96C62A214D320089D952 /* WorkoutsClass.swift in Sources */,
				D1BD96A52A2074AB0089D952 /* Resilience_ProApp.swift in Sources */,
				D1BD96C42A214AA90089D952 /* WeekView.swift in Sources */,
				D1BD96BE2A212A420089D952 /* ProgramCard.swift in Sources */,
				D1BD96BA2A210ED20089D952 /* UserProfileView.swift in Sources */,
				D1BD96C02A213DBE0089D952 /* ProgramView.swift in Sources */,
			);
			runOnlyForDeploymentPostprocessing = 0;
		};
/* End PBXSourcesBuildPhase section */

/* Begin XCBuildConfiguration section */
		D1BD96AD2A2074AC0089D952 /* Debug */ = {
			isa = XCBuildConfiguration;
			buildSettings = {
				ALWAYS_SEARCH_USER_PATHS = NO;
				CLANG_ANALYZER_NONNULL = YES;
				CLANG_ANALYZER_NUMBER_OBJECT_CONVERSION = YES_AGGRESSIVE;
				CLANG_CXX_LANGUAGE_STANDARD = "gnu++20";
				CLANG_ENABLE_MODULES = YES;
				CLANG_ENABLE_OBJC_ARC = YES;
				CLANG_ENABLE_OBJC_WEAK = YES;
				CLANG_WARN_BLOCK_CAPTURE_AUTORELEASING = YES;
				CLANG_WARN_BOOL_CONVERSION = YES;
				CLANG_WARN_COMMA = YES;
				CLANG_WARN_CONSTANT_CONVERSION = YES;
				CLANG_WARN_DEPRECATED_OBJC_IMPLEMENTATIONS = YES;
				CLANG_WARN_DIRECT_OBJC_ISA_USAGE = YES_ERROR;
				CLANG_WARN_DOCUMENTATION_COMMENTS = YES;
				CLANG_WARN_EMPTY_BODY = YES;
				CLANG_WARN_ENUM_CONVERSION = YES;
				CLANG_WARN_INFINITE_RECURSION = YES;
				CLANG_WARN_INT_CONVERSION = YES;
				CLANG_WARN_NON_LITERAL_NULL_CONVERSION = YES;
				CLANG_WARN_OBJC_IMPLICIT_RETAIN_SELF = YES;
				CLANG_WARN_OBJC_LITERAL_CONVERSION = YES;
				CLANG_WARN_OBJC_ROOT_CLASS = YES_ERROR;
				CLANG_WARN_QUOTED_INCLUDE_IN_FRAMEWORK_HEADER = YES;
				CLANG_WARN_RANGE_LOOP_ANALYSIS = YES;
				CLANG_WARN_STRICT_PROTOTYPES = YES;
				CLANG_WARN_SUSPICIOUS_MOVE = YES;
				CLANG_WARN_UNGUARDED_AVAILABILITY = YES_AGGRESSIVE;
				CLANG_WARN_UNREACHABLE_CODE = YES;
				CLANG_WARN__DUPLICATE_METHOD_MATCH = YES;
				COPY_PHASE_STRIP = NO;
				DEBUG_INFORMATION_FORMAT = dwarf;
				ENABLE_STRICT_OBJC_MSGSEND = YES;
				ENABLE_TESTABILITY = YES;
				GCC_C_LANGUAGE_STANDARD = gnu11;
				GCC_DYNAMIC_NO_PIC = NO;
				GCC_NO_COMMON_BLOCKS = YES;
				GCC_OPTIMIZATION_LEVEL = 0;
				GCC_PREPROCESSOR_DEFINITIONS = (
					"DEBUG=1",
					"$(inherited)",
				);
				GCC_WARN_64_TO_32_BIT_CONVERSION = YES;
				GCC_WARN_ABOUT_RETURN_TYPE = YES_ERROR;
				GCC_WARN_UNDECLARED_SELECTOR = YES;
				GCC_WARN_UNINITIALIZED_AUTOS = YES_AGGRESSIVE;
				GCC_WARN_UNUSED_FUNCTION = YES;
				GCC_WARN_UNUSED_VARIABLE = YES;
				IPHONEOS_DEPLOYMENT_TARGET = 16.4;
				MTL_ENABLE_DEBUG_INFO = INCLUDE_SOURCE;
				MTL_FAST_MATH = YES;
				ONLY_ACTIVE_ARCH = YES;
				SDKROOT = iphoneos;
				SWIFT_ACTIVE_COMPILATION_CONDITIONS = DEBUG;
				SWIFT_OPTIMIZATION_LEVEL = "-Onone";
				SWIFT_VERSION = 5.0;
			};
			name = Debug;
		};
		D1BD96AE2A2074AC0089D952 /* Release */ = {
			isa = XCBuildConfiguration;
			buildSettings = {
				ALWAYS_SEARCH_USER_PATHS = NO;
				CLANG_ANALYZER_NONNULL = YES;
				CLANG_ANALYZER_NUMBER_OBJECT_CONVERSION = YES_AGGRESSIVE;
				CLANG_CXX_LANGUAGE_STANDARD = "gnu++20";
				CLANG_ENABLE_MODULES = YES;
				CLANG_ENABLE_OBJC_ARC = YES;
				CLANG_ENABLE_OBJC_WEAK = YES;
				CLANG_WARN_BLOCK_CAPTURE_AUTORELEASING = YES;
				CLANG_WARN_BOOL_CONVERSION = YES;
				CLANG_WARN_COMMA = YES;
				CLANG_WARN_CONSTANT_CONVERSION = YES;
				CLANG_WARN_DEPRECATED_OBJC_IMPLEMENTATIONS = YES;
				CLANG_WARN_DIRECT_OBJC_ISA_USAGE = YES_ERROR;
				CLANG_WARN_DOCUMENTATION_COMMENTS = YES;
				CLANG_WARN_EMPTY_BODY = YES;
				CLANG_WARN_ENUM_CONVERSION = YES;
				CLANG_WARN_INFINITE_RECURSION = YES;
				CLANG_WARN_INT_CONVERSION = YES;
				CLANG_WARN_NON_LITERAL_NULL_CONVERSION = YES;
				CLANG_WARN_OBJC_IMPLICIT_RETAIN_SELF = YES;
				CLANG_WARN_OBJC_LITERAL_CONVERSION = YES;
				CLANG_WARN_OBJC_ROOT_CLASS = YES_ERROR;
				CLANG_WARN_QUOTED_INCLUDE_IN_FRAMEWORK_HEADER = YES;
				CLANG_WARN_RANGE_LOOP_ANALYSIS = YES;
				CLANG_WARN_STRICT_PROTOTYPES = YES;
				CLANG_WARN_SUSPICIOUS_MOVE = YES;
				CLANG_WARN_UNGUARDED_AVAILABILITY = YES_AGGRESSIVE;
				CLANG_WARN_UNREACHABLE_CODE = YES;
				CLANG_WARN__DUPLICATE_METHOD_MATCH = YES;
				COPY_PHASE_STRIP = NO;
				DEBUG_INFORMATION_FORMAT = "dwarf-with-dsym";
				ENABLE_NS_ASSERTIONS = NO;
				ENABLE_STRICT_OBJC_MSGSEND = YES;
				GCC_C_LANGUAGE_STANDARD = gnu11;
				GCC_NO_COMMON_BLOCKS = YES;
				GCC_WARN_64_TO_32_BIT_CONVERSION = YES;
				GCC_WARN_ABOUT_RETURN_TYPE = YES_ERROR;
				GCC_WARN_UNDECLARED_SELECTOR = YES;
				GCC_WARN_UNINITIALIZED_AUTOS = YES_AGGRESSIVE;
				GCC_WARN_UNUSED_FUNCTION = YES;
				GCC_WARN_UNUSED_VARIABLE = YES;
				IPHONEOS_DEPLOYMENT_TARGET = 16.4;
				MTL_ENABLE_DEBUG_INFO = NO;
				MTL_FAST_MATH = YES;
				SDKROOT = iphoneos;
				SWIFT_COMPILATION_MODE = wholemodule;
				SWIFT_OPTIMIZATION_LEVEL = "-O";
				SWIFT_VERSION = 5.0;
				VALIDATE_PRODUCT = YES;
			};
			name = Release;
		};
		D1BD96B02A2074AC0089D952 /* Debug */ = {
			isa = XCBuildConfiguration;
			buildSettings = {
				ASSETCATALOG_COMPILER_APPICON_NAME = AppIcon;
				ASSETCATALOG_COMPILER_GLOBAL_ACCENT_COLOR_NAME = AccentColor;
				ASSETCATALOG_COMPILER_INCLUDE_ALL_APPICON_ASSETS = YES;
				CODE_SIGN_ENTITLEMENTS = "Resilience Pro/Resilience Pro.entitlements";
				CODE_SIGN_STYLE = Automatic;
				CURRENT_PROJECT_VERSION = 1;
				DEVELOPMENT_ASSET_PATHS = "\"Resilience Pro/Preview Content\"";
				DEVELOPMENT_TEAM = WYN4MP6QF4;
				ENABLE_PREVIEWS = YES;
				GENERATE_INFOPLIST_FILE = YES;
				INFOPLIST_FILE = "Resilience-Pro-Info.plist";
				INFOPLIST_KEY_UIApplicationSceneManifest_Generation = YES;
				INFOPLIST_KEY_UIApplicationSupportsIndirectInputEvents = YES;
				INFOPLIST_KEY_UILaunchStoryboardName = "Launch Screen.storyboard";
				INFOPLIST_KEY_UISupportedInterfaceOrientations_iPad = "UIInterfaceOrientationPortrait UIInterfaceOrientationPortraitUpsideDown UIInterfaceOrientationLandscapeLeft UIInterfaceOrientationLandscapeRight";
				INFOPLIST_KEY_UISupportedInterfaceOrientations_iPhone = "UIInterfaceOrientationPortrait UIInterfaceOrientationLandscapeLeft UIInterfaceOrientationLandscapeRight";
				LD_RUNPATH_SEARCH_PATHS = (
					"$(inherited)",
					"@executable_path/Frameworks",
				);
				MARKETING_VERSION = 1.0;
				PRODUCT_BUNDLE_IDENTIFIER = "com.aldegol.Resilience-Pro";
				PRODUCT_NAME = "$(TARGET_NAME)";
				SWIFT_EMIT_LOC_STRINGS = YES;
				SWIFT_VERSION = 5.0;
				TARGETED_DEVICE_FAMILY = "1,2";
			};
			name = Debug;
		};
		D1BD96B12A2074AC0089D952 /* Release */ = {
			isa = XCBuildConfiguration;
			buildSettings = {
				ASSETCATALOG_COMPILER_APPICON_NAME = AppIcon;
				ASSETCATALOG_COMPILER_GLOBAL_ACCENT_COLOR_NAME = AccentColor;
				ASSETCATALOG_COMPILER_INCLUDE_ALL_APPICON_ASSETS = YES;
				CODE_SIGN_ENTITLEMENTS = "Resilience Pro/Resilience Pro.entitlements";
				CODE_SIGN_STYLE = Automatic;
				CURRENT_PROJECT_VERSION = 1;
				DEVELOPMENT_ASSET_PATHS = "\"Resilience Pro/Preview Content\"";
				DEVELOPMENT_TEAM = WYN4MP6QF4;
				ENABLE_PREVIEWS = YES;
				GENERATE_INFOPLIST_FILE = YES;
				INFOPLIST_FILE = "Resilience-Pro-Info.plist";
				INFOPLIST_KEY_UIApplicationSceneManifest_Generation = YES;
				INFOPLIST_KEY_UIApplicationSupportsIndirectInputEvents = YES;
				INFOPLIST_KEY_UILaunchStoryboardName = "Launch Screen.storyboard";
				INFOPLIST_KEY_UISupportedInterfaceOrientations_iPad = "UIInterfaceOrientationPortrait UIInterfaceOrientationPortraitUpsideDown UIInterfaceOrientationLandscapeLeft UIInterfaceOrientationLandscapeRight";
				INFOPLIST_KEY_UISupportedInterfaceOrientations_iPhone = "UIInterfaceOrientationPortrait UIInterfaceOrientationLandscapeLeft UIInterfaceOrientationLandscapeRight";
				LD_RUNPATH_SEARCH_PATHS = (
					"$(inherited)",
					"@executable_path/Frameworks",
				);
				MARKETING_VERSION = 1.0;
				PRODUCT_BUNDLE_IDENTIFIER = "com.aldegol.Resilience-Pro";
				PRODUCT_NAME = "$(TARGET_NAME)";
				SWIFT_EMIT_LOC_STRINGS = YES;
				SWIFT_VERSION = 5.0;
				TARGETED_DEVICE_FAMILY = "1,2";
			};
			name = Release;
		};
/* End XCBuildConfiguration section */

/* Begin XCConfigurationList section */
		D1BD969C2A2074AB0089D952 /* Build configuration list for PBXProject "Resilience Pro" */ = {
			isa = XCConfigurationList;
			buildConfigurations = (
				D1BD96AD2A2074AC0089D952 /* Debug */,
				D1BD96AE2A2074AC0089D952 /* Release */,
			);
			defaultConfigurationIsVisible = 0;
			defaultConfigurationName = Release;
		};
		D1BD96AF2A2074AC0089D952 /* Build configuration list for PBXNativeTarget "Resilience Pro" */ = {
			isa = XCConfigurationList;
			buildConfigurations = (
				D1BD96B02A2074AC0089D952 /* Debug */,
				D1BD96B12A2074AC0089D952 /* Release */,
			);
			defaultConfigurationIsVisible = 0;
			defaultConfigurationName = Release;
		};
/* End XCConfigurationList section */
	};
	rootObject = D1BD96992A2074AB0089D952 /* Project object */;
}
